<?xml version="1.0" encoding="utf-8"?>
<Project ToolsVersion="4.0" xmlns="http://schemas.microsoft.com/developer/msbuild/2003">
  <ItemGroup>
    <Filter Include="Source Files">
      <UniqueIdentifier>{65ca80f3-3265-463a-9558-601f0f1a1889}</UniqueIdentifier>
      <Extensions>cpp;c;cxx;rc;def;r;odl;idl;hpj;bat</Extensions>
    </Filter>
    <Filter Include="Source Files\Header Files">
      <UniqueIdentifier>{101d2b72-ecc2-4436-8fec-7ce9748ddce4}</UniqueIdentifier>
      <Extensions>h;hpp;hxx;hm;inl</Extensions>
    </Filter>
    <Filter Include="Resource Files">
      <UniqueIdentifier>{81c3d274-28eb-4e1f-8c5b-b5e96369e993}</UniqueIdentifier>
      <Extensions>ico;cur;bmp;dlg;rc2;rct;bin;rgs;gif;jpg;jpeg;jpe</Extensions>
    </Filter>
    <Filter Include="Docs">
      <UniqueIdentifier>{4500907b-f9cc-43bc-b9c7-55c7743a774b}</UniqueIdentifier>
    </Filter>
  </ItemGroup>
  <ItemGroup>
    <ClCompile Include="game.cpp">
      <Filter>Source Files</Filter>
    </ClCompile>
    <ClCompile Include="gamestate.cpp">
      <Filter>Source Files</Filter>
    </ClCompile>
    <ClCompile Include="gui.cpp">
      <Filter>Source Files</Filter>
    </ClCompile>
    <ClCompile Include="image.cpp">
      <Filter>Source Files</Filter>
    </ClCompile>
    <ClCompile Include="main.cpp">
      <Filter>Source Files</Filter>
    </ClCompile>
    <ClCompile Include="panel.cpp">
      <Filter>Source Files</Filter>
    </ClCompile>
    <ClCompile Include="player.cpp">
      <Filter>Source Files</Filter>
    </ClCompile>
    <ClCompile Include="screen.cpp">
      <Filter>Source Files</Filter>
    </ClCompile>
    <ClCompile Include="sector.cpp">
      <Filter>Source Files</Filter>
    </ClCompile>
    <ClCompile Include="sound.cpp">
      <Filter>Source Files</Filter>
    </ClCompile>
    <ClCompile Include="utils.cpp">
      <Filter>Source Files</Filter>
    </ClCompile>
    <ClCompile Include="stdafx.cpp">
      <Filter>Source Files</Filter>
    </ClCompile>
    <ClCompile Include="resources.cpp">
      <Filter>Source Files</Filter>
    </ClCompile>
  </ItemGroup>
  <ItemGroup>
    <ClInclude Include="game.h">
      <Filter>Source Files\Header Files</Filter>
    </ClInclude>
    <ClInclude Include="gamestate.h">
      <Filter>Source Files\Header Files</Filter>
    </ClInclude>
    <ClInclude Include="gui.h">
      <Filter>Source Files\Header Files</Filter>
    </ClInclude>
    <ClInclude Include="image.h">
      <Filter>Source Files\Header Files</Filter>
    </ClInclude>
    <ClInclude Include="panel.h">
      <Filter>Source Files\Header Files</Filter>
    </ClInclude>
    <ClInclude Include="player.h">
      <Filter>Source Files\Header Files</Filter>
    </ClInclude>
    <ClInclude Include="screen.h">
      <Filter>Source Files\Header Files</Filter>
    </ClInclude>
    <ClInclude Include="sector.h">
      <Filter>Source Files\Header Files</Filter>
    </ClInclude>
    <ClInclude Include="sound.h">
      <Filter>Source Files\Header Files</Filter>
    </ClInclude>
    <ClInclude Include="utils.h">
      <Filter>Source Files\Header Files</Filter>
    </ClInclude>
    <ClInclude Include="common.h">
      <Filter>Source Files\Header Files</Filter>
    </ClInclude>
    <ClInclude Include="stdafx.h">
      <Filter>Source Files\Header Files</Filter>
    </ClInclude>
    <ClInclude Include="resources.h">
      <Filter>Source Files\Header Files</Filter>
    </ClInclude>
  </ItemGroup>
  <ItemGroup>
    <None Include="docs\todo.txt">
      <Filter>Docs</Filter>
    </None>
    <None Include="readme.html">
      <Filter>Docs</Filter>
    </None>
  </ItemGroup>
  <ItemGroup>
    <ResourceCompile Include="resource.rc">
      <Filter>Source Files</Filter>
    </ResourceCompile>
  </ItemGroup>
</Project>